
Microsoft Visual Studio Solution File, Format Version 12.00
# Visual Studio Version 16
VisualStudioVersion = 16.0.30011.22
MinimumVisualStudioVersion = 10.0.40219.1
Project("{2150E333-8FDC-42A3-9474-1A3956D46DE8}") = "src", "src", "{75DE6866-5365-4DC7-8C36-97EBE6CEA6C4}"
EndProject
Project("{9A19103F-16F7-4668-BE54-9A1E7A4F7556}") = "Rocchini.Api", "src\Rocchini.Api\Rocchini.Api.csproj", "{1D9BEECD-8AB9-4372-8CE5-F6598137CCD9}"
EndProject
Project("{9A19103F-16F7-4668-BE54-9A1E7A4F7556}") = "Rocchini.Common", "src\Rocchini.Common\Rocchini.Common.csproj", "{DD027864-56AB-44AE-94D2-C7A9254A0CAB}"
EndProject
Project("{9A19103F-16F7-4668-BE54-9A1E7A4F7556}") = "Rocchini.Services.Activities", "src\Rocchini.Services.Activities\Rocchini.Services.Activities.csproj", "{56D4A6DA-7D7D-46D3-973C-0F874BCF3C7F}"
EndProject
Project("{9A19103F-16F7-4668-BE54-9A1E7A4F7556}") = "Rocchini.Services.Identity", "src\Rocchini.Services.Identity\Rocchini.Services.Identity.csproj", "{337D000A-1806-4441-8FF9-8FC0754A623E}"
EndProject
Global
	GlobalSection(SolutionConfigurationPlatforms) = preSolution
		Debug|Any CPU = Debug|Any CPU
		Release|Any CPU = Release|Any CPU
	EndGlobalSection
	GlobalSection(ProjectConfigurationPlatforms) = postSolution
		{1D9BEECD-8AB9-4372-8CE5-F6598137CCD9}.Debug|Any CPU.ActiveCfg = Debug|Any CPU
		{1D9BEECD-8AB9-4372-8CE5-F6598137CCD9}.Debug|Any CPU.Build.0 = Debug|Any CPU
		{1D9BEECD-8AB9-4372-8CE5-F6598137CCD9}.Release|Any CPU.ActiveCfg = Release|Any CPU
		{1D9BEECD-8AB9-4372-8CE5-F6598137CCD9}.Release|Any CPU.Build.0 = Release|Any CPU
		{DD027864-56AB-44AE-94D2-C7A9254A0CAB}.Debug|Any CPU.ActiveCfg = Debug|Any CPU
		{DD027864-56AB-44AE-94D2-C7A9254A0CAB}.Debug|Any CPU.Build.0 = Debug|Any CPU
		{DD027864-56AB-44AE-94D2-C7A9254A0CAB}.Release|Any CPU.ActiveCfg = Release|Any CPU
		{DD027864-56AB-44AE-94D2-C7A9254A0CAB}.Release|Any CPU.Build.0 = Release|Any CPU
		{56D4A6DA-7D7D-46D3-973C-0F874BCF3C7F}.Debug|Any CPU.ActiveCfg = Debug|Any CPU
		{56D4A6DA-7D7D-46D3-973C-0F874BCF3C7F}.Debug|Any CPU.Build.0 = Debug|Any CPU
		{56D4A6DA-7D7D-46D3-973C-0F874BCF3C7F}.Release|Any CPU.ActiveCfg = Release|Any CPU
		{56D4A6DA-7D7D-46D3-973C-0F874BCF3C7F}.Release|Any CPU.Build.0 = Release|Any CPU
		{337D000A-1806-4441-8FF9-8FC0754A623E}.Debug|Any CPU.ActiveCfg = Debug|Any CPU
		{337D000A-1806-4441-8FF9-8FC0754A623E}.Debug|Any CPU.Build.0 = Debug|Any CPU
		{337D000A-1806-4441-8FF9-8FC0754A623E}.Release|Any CPU.ActiveCfg = Release|Any CPU
		{337D000A-1806-4441-8FF9-8FC0754A623E}.Release|Any CPU.Build.0 = Release|Any CPU
	EndGlobalSection
	GlobalSection(SolutionProperties) = preSolution
		HideSolutionNode = FALSE
	EndGlobalSection
	GlobalSection(NestedProjects) = preSolution
		{1D9BEECD-8AB9-4372-8CE5-F6598137CCD9} = {75DE6866-5365-4DC7-8C36-97EBE6CEA6C4}
		{DD027864-56AB-44AE-94D2-C7A9254A0CAB} = {75DE6866-5365-4DC7-8C36-97EBE6CEA6C4}
		{56D4A6DA-7D7D-46D3-973C-0F874BCF3C7F} = {75DE6866-5365-4DC7-8C36-97EBE6CEA6C4}
		{337D000A-1806-4441-8FF9-8FC0754A623E} = {75DE6866-5365-4DC7-8C36-97EBE6CEA6C4}
	EndGlobalSection
	GlobalSection(ExtensibilityGlobals) = postSolution
		SolutionGuid = {4655280A-D3A0-4434-A652-5461279DE095}
	EndGlobalSection
EndGlobal
